// !$*UTF8*$!
{
	archiveVersion = 1;
	classes = {
	};
	objectVersion = 46;
	objects = {

/* Begin PBXBuildFile section */
		484DAF551D9136D100B7903A /* main.m in Sources */ = {isa = PBXBuildFile; fileRef = 484DAF541D9136D100B7903A /* main.m */; };
		484DAF581D9136D100B7903A /* AppDelegate.m in Sources */ = {isa = PBXBuildFile; fileRef = 484DAF571D9136D100B7903A /* AppDelegate.m */; };
		484DAF5B1D9136D100B7903A /* ViewController.m in Sources */ = {isa = PBXBuildFile; fileRef = 484DAF5A1D9136D100B7903A /* ViewController.m */; };
		484DAF5E1D9136D100B7903A /* Main.storyboard in Resources */ = {isa = PBXBuildFile; fileRef = 484DAF5C1D9136D100B7903A /* Main.storyboard */; };
		484DAF601D9136D100B7903A /* Assets.xcassets in Resources */ = {isa = PBXBuildFile; fileRef = 484DAF5F1D9136D100B7903A /* Assets.xcassets */; };
		484DAF631D9136D100B7903A /* LaunchScreen.storyboard in Resources */ = {isa = PBXBuildFile; fileRef = 484DAF611D9136D100B7903A /* LaunchScreen.storyboard */; };
		484DAF6E1D9136D100B7903A /* racTestTwoTests.m in Sources */ = {isa = PBXBuildFile; fileRef = 484DAF6D1D9136D100B7903A /* racTestTwoTests.m */; };
		484DAF791D9136D100B7903A /* racTestTwoUITests.m in Sources */ = {isa = PBXBuildFile; fileRef = 484DAF781D9136D100B7903A /* racTestTwoUITests.m */; };
		484DAF881D913D4600B7903A /* PlayerViewModle.m in Sources */ = {isa = PBXBuildFile; fileRef = 484DAF871D913D4600B7903A /* PlayerViewModle.m */; };
		4906061A8D1FFE2F004BC631 /* libPods-racTestTwo.a in Frameworks */ = {isa = PBXBuildFile; fileRef = 9C3698A286DB73E142B57A71 /* libPods-racTestTwo.a */; };
/* End PBXBuildFile section */

/* Begin PBXContainerItemProxy section */
		484DAF6A1D9136D100B7903A /* PBXContainerItemProxy */ = {
			isa = PBXContainerItemProxy;
			containerPortal = 484DAF481D9136D100B7903A /* Project object */;
			proxyType = 1;
			remoteGlobalIDString = 484DAF4F1D9136D100B7903A;
			remoteInfo = racTestTwo;
		};
		484DAF751D9136D100B7903A /* PBXContainerItemProxy */ = {
			isa = PBXContainerItemProxy;
			containerPortal = 484DAF481D9136D100B7903A /* Project object */;
			proxyType = 1;
			remoteGlobalIDString = 484DAF4F1D9136D100B7903A;
			remoteInfo = racTestTwo;
		};
/* End PBXContainerItemProxy section */

/* Begin PBXFileReference section */
		455C7DCF2ABD53DFD588A3FC /* Pods-racTestTwo.release.xcconfig */ = {isa = PBXFileReference; includeInIndex = 1; lastKnownFileType = text.xcconfig; name = "Pods-racTestTwo.release.xcconfig"; path = "Pods/Target Support Files/Pods-racTestTwo/Pods-racTestTwo.release.xcconfig"; sourceTree = "<group>"; };
		484DAF501D9136D100B7903A /* racTestTwo.app */ = {isa = PBXFileReference; explicitFileType = wrapper.application; includeInIndex = 0; path = racTestTwo.app; sourceTree = BUILT_PRODUCTS_DIR; };
		484DAF541D9136D100B7903A /* main.m */ = {isa = PBXFileReference; lastKnownFileType = sourcecode.c.objc; path = main.m; sourceTree = "<group>"; };
		484DAF561D9136D100B7903A /* AppDelegate.h */ = {isa = PBXFileReference; lastKnownFileType = sourcecode.c.h; path = AppDelegate.h; sourceTree = "<group>"; };
		484DAF571D9136D100B7903A /* AppDelegate.m */ = {isa = PBXFileReference; lastKnownFileType = sourcecode.c.objc; path = AppDelegate.m; sourceTree = "<group>"; };
		484DAF591D9136D100B7903A /* ViewController.h */ = {isa = PBXFileReference; lastKnownFileType = sourcecode.c.h; path = ViewController.h; sourceTree = "<group>"; };
		484DAF5A1D9136D100B7903A /* ViewController.m */ = {isa = PBXFileReference; lastKnownFileType = sourcecode.c.objc; path = ViewController.m; sourceTree = "<group>"; };
		484DAF5D1D9136D100B7903A /* Base */ = {isa = PBXFileReference; lastKnownFileType = file.storyboard; name = Base; path = Base.lproj/Main.storyboard; sourceTree = "<group>"; };
		484DAF5F1D9136D100B7903A /* Assets.xcassets */ = {isa = PBXFileReference; lastKnownFileType = folder.assetcatalog; path = Assets.xcassets; sourceTree = "<group>"; };
		484DAF621D9136D100B7903A /* Base */ = {isa = PBXFileReference; lastKnownFileType = file.storyboard; name = Base; path = Base.lproj/LaunchScreen.storyboard; sourceTree = "<group>"; };
		484DAF641D9136D100B7903A /* Info.plist */ = {isa = PBXFileReference; lastKnownFileType = text.plist.xml; path = Info.plist; sourceTree = "<group>"; };
		484DAF691D9136D100B7903A /* racTestTwoTests.xctest */ = {isa = PBXFileReference; explicitFileType = wrapper.cfbundle; includeInIndex = 0; path = racTestTwoTests.xctest; sourceTree = BUILT_PRODUCTS_DIR; };
		484DAF6D1D9136D100B7903A /* racTestTwoTests.m */ = {isa = PBXFileReference; lastKnownFileType = sourcecode.c.objc; path = racTestTwoTests.m; sourceTree = "<group>"; };
		484DAF6F1D9136D100B7903A /* Info.plist */ = {isa = PBXFileReference; lastKnownFileType = text.plist.xml; path = Info.plist; sourceTree = "<group>"; };
		484DAF741D9136D100B7903A /* racTestTwoUITests.xctest */ = {isa = PBXFileReference; explicitFileType = wrapper.cfbundle; includeInIndex = 0; path = racTestTwoUITests.xctest; sourceTree = BUILT_PRODUCTS_DIR; };
		484DAF781D9136D100B7903A /* racTestTwoUITests.m */ = {isa = PBXFileReference; lastKnownFileType = sourcecode.c.objc; path = racTestTwoUITests.m; sourceTree = "<group>"; };
		484DAF7A1D9136D100B7903A /* Info.plist */ = {isa = PBXFileReference; lastKnownFileType = text.plist.xml; path = Info.plist; sourceTree = "<group>"; };
		484DAF861D913D4600B7903A /* PlayerViewModle.h */ = {isa = PBXFileReference; fileEncoding = 4; lastKnownFileType = sourcecode.c.h; path = PlayerViewModle.h; sourceTree = "<group>"; };
		484DAF871D913D4600B7903A /* PlayerViewModle.m */ = {isa = PBXFileReference; fileEncoding = 4; lastKnownFileType = sourcecode.c.objc; path = PlayerViewModle.m; sourceTree = "<group>"; };
		9C3698A286DB73E142B57A71 /* libPods-racTestTwo.a */ = {isa = PBXFileReference; explicitFileType = archive.ar; includeInIndex = 0; path = "libPods-racTestTwo.a"; sourceTree = BUILT_PRODUCTS_DIR; };
		B4F46E73C00C12A73DD293B3 /* Pods-racTestTwo.debug.xcconfig */ = {isa = PBXFileReference; includeInIndex = 1; lastKnownFileType = text.xcconfig; name = "Pods-racTestTwo.debug.xcconfig"; path = "Pods/Target Support Files/Pods-racTestTwo/Pods-racTestTwo.debug.xcconfig"; sourceTree = "<group>"; };
/* End PBXFileReference section */

/* Begin PBXFrameworksBuildPhase section */
		484DAF4D1D9136D100B7903A /* Frameworks */ = {
			isa = PBXFrameworksBuildPhase;
			buildActionMask = 2147483647;
			files = (
				4906061A8D1FFE2F004BC631 /* libPods-racTestTwo.a in Frameworks */,
			);
			runOnlyForDeploymentPostprocessing = 0;
		};
		484DAF661D9136D100B7903A /* Frameworks */ = {
			isa = PBXFrameworksBuildPhase;
			buildActionMask = 2147483647;
			files = (
			);
			runOnlyForDeploymentPostprocessing = 0;
		};
		484DAF711D9136D100B7903A /* Frameworks */ = {
			isa = PBXFrameworksBuildPhase;
			buildActionMask = 2147483647;
			files = (
			);
			runOnlyForDeploymentPostprocessing = 0;
		};
/* End PBXFrameworksBuildPhase section */

/* Begin PBXGroup section */
		484DAF471D9136D100B7903A = {
			isa = PBXGroup;
			children = (
				484DAF521D9136D100B7903A /* racTestTwo */,
				484DAF6C1D9136D100B7903A /* racTestTwoTests */,
				484DAF771D9136D100B7903A /* racTestTwoUITests */,
				484DAF511D9136D100B7903A /* Products */,
				84BEBCB4FF9B2920D137E4B3 /* Pods */,
				FA22FD4F0BC659775FD57089 /* Frameworks */,
			);
			sourceTree = "<group>";
		};
		484DAF511D9136D100B7903A /* Products */ = {
			isa = PBXGroup;
			children = (
				484DAF501D9136D100B7903A /* racTestTwo.app */,
				484DAF691D9136D100B7903A /* racTestTwoTests.xctest */,
				484DAF741D9136D100B7903A /* racTestTwoUITests.xctest */,
			);
			name = Products;
			sourceTree = "<group>";
		};
		484DAF521D9136D100B7903A /* racTestTwo */ = {
			isa = PBXGroup;
			children = (
				484DAF561D9136D100B7903A /* AppDelegate.h */,
				484DAF571D9136D100B7903A /* AppDelegate.m */,
				484DAF591D9136D100B7903A /* ViewController.h */,
				484DAF5A1D9136D100B7903A /* ViewController.m */,
				484DAF5C1D9136D100B7903A /* Main.storyboard */,
				484DAF861D913D4600B7903A /* PlayerViewModle.h */,
				484DAF871D913D4600B7903A /* PlayerViewModle.m */,
				484DAF5F1D9136D100B7903A /* Assets.xcassets */,
				484DAF611D9136D100B7903A /* LaunchScreen.storyboard */,
				484DAF641D9136D100B7903A /* Info.plist */,
				484DAF531D9136D100B7903A /* Supporting Files */,
			);
			path = racTestTwo;
			sourceTree = "<group>";
		};
		484DAF531D9136D100B7903A /* Supporting Files */ = {
			isa = PBXGroup;
			children = (
				484DAF541D9136D100B7903A /* main.m */,
			);
			name = "Supporting Files";
			sourceTree = "<group>";
		};
		484DAF6C1D9136D100B7903A /* racTestTwoTests */ = {
			isa = PBXGroup;
			children = (
				484DAF6D1D9136D100B7903A /* racTestTwoTests.m */,
				484DAF6F1D9136D100B7903A /* Info.plist */,
			);
			path = racTestTwoTests;
			sourceTree = "<group>";
		};
		484DAF771D9136D100B7903A /* racTestTwoUITests */ = {
			isa = PBXGroup;
			children = (
				484DAF781D9136D100B7903A /* racTestTwoUITests.m */,
				484DAF7A1D9136D100B7903A /* Info.plist */,
			);
			path = racTestTwoUITests;
			sourceTree = "<group>";
		};
		84BEBCB4FF9B2920D137E4B3 /* Pods */ = {
			isa = PBXGroup;
			children = (
				B4F46E73C00C12A73DD293B3 /* Pods-racTestTwo.debug.xcconfig */,
				455C7DCF2ABD53DFD588A3FC /* Pods-racTestTwo.release.xcconfig */,
			);
			name = Pods;
			sourceTree = "<group>";
		};
		FA22FD4F0BC659775FD57089 /* Frameworks */ = {
			isa = PBXGroup;
			children = (
				9C3698A286DB73E142B57A71 /* libPods-racTestTwo.a */,
			);
			name = Frameworks;
			sourceTree = "<group>";
		};
/* End PBXGroup section */

/* Begin PBXNativeTarget section */
		484DAF4F1D9136D100B7903A /* racTestTwo */ = {
			isa = PBXNativeTarget;
			buildConfigurationList = 484DAF7D1D9136D100B7903A /* Build configuration list for PBXNativeTarget "racTestTwo" */;
			buildPhases = (
				B5D6A2A0299E37C42F1E0812 /* [CP] Check Pods Manifest.lock */,
				484DAF4C1D9136D100B7903A /* Sources */,
				484DAF4D1D9136D100B7903A /* Frameworks */,
				484DAF4E1D9136D100B7903A /* Resources */,
				D8CF1B6181AE258BAC8755AA /* [CP] Embed Pods Frameworks */,
				731E49E69C45B3BCE1D79984 /* [CP] Copy Pods Resources */,
			);
			buildRules = (
			);
			dependencies = (
			);
			name = racTestTwo;
			productName = racTestTwo;
			productReference = 484DAF501D9136D100B7903A /* racTestTwo.app */;
			productType = "com.apple.product-type.application";
		};
		484DAF681D9136D100B7903A /* racTestTwoTests */ = {
			isa = PBXNativeTarget;
			buildConfigurationList = 484DAF801D9136D100B7903A /* Build configuration list for PBXNativeTarget "racTestTwoTests" */;
			buildPhases = (
				484DAF651D9136D100B7903A /* Sources */,
				484DAF661D9136D100B7903A /* Frameworks */,
				484DAF671D9136D100B7903A /* Resources */,
			);
			buildRules = (
			);
			dependencies = (
				484DAF6B1D9136D100B7903A /* PBXTargetDependency */,
			);
			name = racTestTwoTests;
			productName = racTestTwoTests;
			productReference = 484DAF691D9136D100B7903A /* racTestTwoTests.xctest */;
			productType = "com.apple.product-type.bundle.unit-test";
		};
		484DAF731D9136D100B7903A /* racTestTwoUITests */ = {
			isa = PBXNativeTarget;
			buildConfigurationList = 484DAF831D9136D100B7903A /* Build configuration list for PBXNativeTarget "racTestTwoUITests" */;
			buildPhases = (
				484DAF701D9136D100B7903A /* Sources */,
				484DAF711D9136D100B7903A /* Frameworks */,
				484DAF721D9136D100B7903A /* Resources */,
			);
			buildRules = (
			);
			dependencies = (
				484DAF761D9136D100B7903A /* PBXTargetDependency */,
			);
			name = racTestTwoUITests;
			productName = racTestTwoUITests;
			productReference = 484DAF741D9136D100B7903A /* racTestTwoUITests.xctest */;
			productType = "com.apple.product-type.bundle.ui-testing";
		};
/* End PBXNativeTarget section */

/* Begin PBXProject section */
		484DAF481D9136D100B7903A /* Project object */ = {
			isa = PBXProject;
			attributes = {
				LastUpgradeCheck = 0710;
				ORGANIZATIONNAME = Jorgon;
				TargetAttributes = {
					484DAF4F1D9136D100B7903A = {
						CreatedOnToolsVersion = 7.1.1;
					};
					484DAF681D9136D100B7903A = {
						CreatedOnToolsVersion = 7.1.1;
						TestTargetID = 484DAF4F1D9136D100B7903A;
					};
					484DAF731D9136D100B7903A = {
						CreatedOnToolsVersion = 7.1.1;
						TestTargetID = 484DAF4F1D9136D100B7903A;
					};
				};
			};
			buildConfigurationList = 484DAF4B1D9136D100B7903A /* Build configuration list for PBXProject "racTestTwo" */;
			compatibilityVersion = "Xcode 3.2";
			developmentRegion = English;
			hasScannedForEncodings = 0;
			knownRegions = (
				en,
				Base,
			);
			mainGroup = 484DAF471D9136D100B7903A;
			productRefGroup = 484DAF511D9136D100B7903A /* Products */;
			projectDirPath = "";
			projectRoot = "";
			targets = (
				484DAF4F1D9136D100B7903A /* racTestTwo */,
				484DAF681D9136D100B7903A /* racTestTwoTests */,
				484DAF731D9136D100B7903A /* racTestTwoUITests */,
			);
		};
/* End PBXProject section */

/* Begin PBXResourcesBuildPhase section */
		484DAF4E1D9136D100B7903A /* Resources */ = {
			isa = PBXResourcesBuildPhase;
			buildActionMask = 2147483647;
			files = (
				484DAF631D9136D100B7903A /* LaunchScreen.storyboard in Resources */,
				484DAF601D9136D100B7903A /* Assets.xcassets in Resources */,
				484DAF5E1D9136D100B7903A /* Main.storyboard in Resources */,
			);
			runOnlyForDeploymentPostprocessing = 0;
		};
		484DAF671D9136D100B7903A /* Resources */ = {
			isa = PBXResourcesBuildPhase;
			buildActionMask = 2147483647;
			files = (
			);
			runOnlyForDeploymentPostprocessing = 0;
		};
		484DAF721D9136D100B7903A /* Resources */ = {
			isa = PBXResourcesBuildPhase;
			buildActionMask = 2147483647;
			files = (
			);
			runOnlyForDeploymentPostprocessing = 0;
		};
/* End PBXResourcesBuildPhase section */

/* Begin PBXShellScriptBuildPhase section */
		731E49E69C45B3BCE1D79984 /* [CP] Copy Pods Resources */ = {
			isa = PBXShellScriptBuildPhase;
			buildActionMask = 2147483647;
			files = (
			);
			inputPaths = (
			);
			name = "[CP] Copy Pods Resources";
			outputPaths = (
			);
			runOnlyForDeploymentPostprocessing = 0;
			shellPath = /bin/sh;
			shellScript = "\"${SRCROOT}/Pods/Target Support Files/Pods-racTestTwo/Pods-racTestTwo-resources.sh\"\n";
			showEnvVarsInLog = 0;
		};
		B5D6A2A0299E37C42F1E0812 /* [CP] Check Pods Manifest.lock */ = {
			isa = PBXShellScriptBuildPhase;
			buildActionMask = 2147483647;
			files = (
			);
			inputPaths = (
			);
			name = "[CP] Check Pods Manifest.lock";
			outputPaths = (
			);
			runOnlyForDeploymentPostprocessing = 0;
			shellPath = /bin/sh;
			shellScript = "diff \"${PODS_ROOT}/../Podfile.lock\" \"${PODS_ROOT}/Manifest.lock\" > /dev/null\nif [ $? != 0 ] ; then\n    # print error to STDERR\n    echo \"error: The sandbox is not in sync with the Podfile.lock. Run 'pod install' or update your CocoaPods installation.\" >&2\n    exit 1\nfi\n";
			showEnvVarsInLog = 0;
		};
		D8CF1B6181AE258BAC8755AA /* [CP] Embed Pods Frameworks */ = {
			isa = PBXShellScriptBuildPhase;
			buildActionMask = 2147483647;
			files = (
			);
			inputPaths = (
			);
			name = "[CP] Embed Pods Frameworks";
			outputPaths = (
			);
			runOnlyForDeploymentPostprocessing = 0;
			shellPath = /bin/sh;
			shellScript = "\"${SRCROOT}/Pods/Target Support Files/Pods-racTestTwo/Pods-racTestTwo-frameworks.sh\"\n";
			showEnvVarsInLog = 0;
		};
/* End PBXShellScriptBuildPhase section */

/* Begin PBXSourcesBuildPhase section */
		484DAF4C1D9136D100B7903A /* Sources */ = {
			isa = PBXSourcesBuildPhase;
			buildActionMask = 2147483647;
			files = (
				484DAF5B1D9136D100B7903A /* ViewController.m in Sources */,
				484DAF881D913D4600B7903A /* PlayerViewModle.m in Sources */,
				484DAF581D9136D100B7903A /* AppDelegate.m in Sources */,
				484DAF551D9136D100B7903A /* main.m in Sources */,
			);
			runOnlyForDeploymentPostprocessing = 0;
		};
		484DAF651D9136D100B7903A /* Sources */ = {
			isa = PBXSourcesBuildPhase;
			buildActionMask = 2147483647;
			files = (
				484DAF6E1D9136D100B7903A /* racTestTwoTests.m in Sources */,
			);
			runOnlyForDeploymentPostprocessing = 0;
		};
		484DAF701D9136D100B7903A /* Sources */ = {
			isa = PBXSourcesBuildPhase;
			buildActionMask = 2147483647;
			files = (
				484DAF791D9136D100B7903A /* racTestTwoUITests.m in Sources */,
			);
			runOnlyForDeploymentPostprocessing = 0;
		};
/* End PBXSourcesBuildPhase section */

/* Begin PBXTargetDependency section */
		484DAF6B1D9136D100B7903A /* PBXTargetDependency */ = {
			isa = PBXTargetDependency;
			target = 484DAF4F1D9136D100B7903A /* racTestTwo */;
			targetProxy = 484DAF6A1D9136D100B7903A /* PBXContainerItemProxy */;
		};
		484DAF761D9136D100B7903A /* PBXTargetDependency */ = {
			isa = PBXTargetDependency;
			target = 484DAF4F1D9136D100B7903A /* racTestTwo */;
			targetProxy = 484DAF751D9136D100B7903A /* PBXContainerItemProxy */;
		};
/* End PBXTargetDependency section */

/* Begin PBXVariantGroup section */
		484DAF5C1D9136D100B7903A /* Main.storyboard */ = {
			isa = PBXVariantGroup;
			children = (
				484DAF5D1D9136D100B7903A /* Base */,
			);
			name = Main.storyboard;
			sourceTree = "<group>";
		};
		484DAF611D9136D100B7903A /* LaunchScreen.storyboard */ = {
			isa = PBXVariantGroup;
			children = (
				484DAF621D9136D100B7903A /* Base */,
			);
			name = LaunchScreen.storyboard;
			sourceTree = "<group>";
		};
/* End PBXVariantGroup section */

/* Begin XCBuildConfiguration section */
		484DAF7B1D9136D100B7903A /* Debug */ = {
			isa = XCBuildConfiguration;
			buildSettings = {
				ALWAYS_SEARCH_USER_PATHS = NO;
				CLANG_CXX_LANGUAGE_STANDARD = "gnu++0x";
				CLANG_CXX_LIBRARY = "libc++";
				CLANG_ENABLE_MODULES = YES;
				CLANG_ENABLE_OBJC_ARC = YES;
				CLANG_WARN_BOOL_CONVERSION = YES;
				CLANG_WARN_CONSTANT_CONVERSION = YES;
				CLANG_WARN_DIRECT_OBJC_ISA_USAGE = YES_ERROR;
				CLANG_WARN_EMPTY_BODY = YES;
				CLANG_WARN_ENUM_CONVERSION = YES;
				CLANG_WARN_INT_CONVERSION = YES;
				CLANG_WARN_OBJC_ROOT_CLASS = YES_ERROR;
				CLANG_WARN_UNREACHABLE_CODE = YES;
				CLANG_WARN__DUPLICATE_METHOD_MATCH = YES;
				"CODE_SIGN_IDENTITY[sdk=iphoneos*]" = "iPhone Developer";
				COPY_PHASE_STRIP = NO;
				DEBUG_INFORMATION_FORMAT = dwarf;
				ENABLE_STRICT_OBJC_MSGSEND = YES;
				ENABLE_TESTABILITY = YES;
				GCC_C_LANGUAGE_STANDARD = gnu99;
				GCC_DYNAMIC_NO_PIC = NO;
				GCC_NO_COMMON_BLOCKS = YES;
				GCC_OPTIMIZATION_LEVEL = 0;
				GCC_PREPROCESSOR_DEFINITIONS = (
					"DEBUG=1",
					"$(inherited)",
				);
				GCC_WARN_64_TO_32_BIT_CONVERSION = YES;
				GCC_WARN_ABOUT_RETURN_TYPE = YES_ERROR;
				GCC_WARN_UNDECLARED_SELECTOR = YES;
				GCC_WARN_UNINITIALIZED_AUTOS = YES_AGGRESSIVE;
				GCC_WARN_UNUSED_FUNCTION = YES;
				GCC_WARN_UNUSED_VARIABLE = YES;
				IPHONEOS_DEPLOYMENT_TARGET = 9.1;
				MTL_ENABLE_DEBUG_INFO = YES;
				ONLY_ACTIVE_ARCH = YES;
				SDKROOT = iphoneos;
				TARGETED_DEVICE_FAMILY = "1,2";
			};
			name = Debug;
		};
		484DAF7C1D9136D100B7903A /* Release */ = {
			isa = XCBuildConfiguration;
			buildSettings = {
				ALWAYS_SEARCH_USER_PATHS = NO;
				CLANG_CXX_LANGUAGE_STANDARD = "gnu++0x";
				CLANG_CXX_LIBRARY = "libc++";
				CLANG_ENABLE_MODULES = YES;
				CLANG_ENABLE_OBJC_ARC = YES;
				CLANG_WARN_BOOL_CONVERSION = YES;
				CLANG_WARN_CONSTANT_CONVERSION = YES;
				CLANG_WARN_DIRECT_OBJC_ISA_USAGE = YES_ERROR;
				CLANG_WARN_EMPTY_BODY = YES;
				CLANG_WARN_ENUM_CONVERSION = YES;
				CLANG_WARN_INT_CONVERSION = YES;
				CLANG_WARN_OBJC_ROOT_CLASS = YES_ERROR;
				CLANG_WARN_UNREACHABLE_CODE = YES;
				CLANG_WARN__DUPLICATE_METHOD_MATCH = YES;
				"CODE_SIGN_IDENTITY[sdk=iphoneos*]" = "iPhone Developer";
				COPY_PHASE_STRIP = NO;
				DEBUG_INFORMATION_FORMAT = "dwarf-with-dsym";
				ENABLE_NS_ASSERTIONS = NO;
				ENABLE_STRICT_OBJC_MSGSEND = YES;
				GCC_C_LANGUAGE_STANDARD = gnu99;
				GCC_NO_COMMON_BLOCKS = YES;
				GCC_WARN_64_TO_32_BIT_CONVERSION = YES;
				GCC_WARN_ABOUT_RETURN_TYPE = YES_ERROR;
				GCC_WARN_UNDECLARED_SELECTOR = YES;
				GCC_WARN_UNINITIALIZED_AUTOS = YES_AGGRESSIVE;
				GCC_WARN_UNUSED_FUNCTION = YES;
				GCC_WARN_UNUSED_VARIABLE = YES;
				IPHONEOS_DEPLOYMENT_TARGET = 9.1;
				MTL_ENABLE_DEBUG_INFO = NO;
				SDKROOT = iphoneos;
				TARGETED_DEVICE_FAMILY = "1,2";
				VALIDATE_PRODUCT = YES;
			};
			name = Release;
		};
		484DAF7E1D9136D100B7903A /* Debug */ = {
			isa = XCBuildConfiguration;
			baseConfigurationReference = B4F46E73C00C12A73DD293B3 /* Pods-racTestTwo.debug.xcconfig */;
			buildSettings = {
				ASSETCATALOG_COMPILER_APPICON_NAME = AppIcon;
				INFOPLIST_FILE = racTestTwo/Info.plist;
				LD_RUNPATH_SEARCH_PATHS = "$(inherited) @executable_path/Frameworks";
				PRODUCT_BUNDLE_IDENTIFIER = com.jorgon.racTestTwo;
				PRODUCT_NAME = "$(TARGET_NAME)";
			};
			name = Debug;
		};
		484DAF7F1D9136D100B7903A /* Release */ = {
			isa = XCBuildConfiguration;
			baseConfigurationReference = 455C7DCF2ABD53DFD588A3FC /* Pods-racTestTwo.release.xcconfig */;
			buildSettings = {
				ASSETCATALOG_COMPILER_APPICON_NAME = AppIcon;
				INFOPLIST_FILE = racTestTwo/Info.plist;
				LD_RUNPATH_SEARCH_PATHS = "$(inherited) @executable_path/Frameworks";
				PRODUCT_BUNDLE_IDENTIFIER = com.jorgon.racTestTwo;
				PRODUCT_NAME = "$(TARGET_NAME)";
			};
			name = Release;
		};
		484DAF811D9136D100B7903A /* Debug */ = {
			isa = XCBuildConfiguration;
			buildSettings = {
				BUNDLE_LOADER = "$(TEST_HOST)";
				INFOPLIST_FILE = racTestTwoTests/Info.plist;
				LD_RUNPATH_SEARCH_PATHS = "$(inherited) @executable_path/Frameworks @loader_path/Frameworks";
				PRODUCT_BUNDLE_IDENTIFIER = com.jorgon.racTestTwoTests;
				PRODUCT_NAME = "$(TARGET_NAME)";
				TEST_HOST = "$(BUILT_PRODUCTS_DIR)/racTestTwo.app/racTestTwo";
			};
			name = Debug;
		};
		484DAF821D9136D100B7903A /* Release */ = {
			isa = XCBuildConfiguration;
			buildSettings = {
				BUNDLE_LOADER = "$(TEST_HOST)";
				INFOPLIST_FILE = racTestTwoTests/Info.plist;
				LD_RUNPATH_SEARCH_PATHS = "$(inherited) @executable_path/Frameworks @loader_path/Frameworks";
				PRODUCT_BUNDLE_IDENTIFIER = com.jorgon.racTestTwoTests;
				PRODUCT_NAME = "$(TARGET_NAME)";
				TEST_HOST = "$(BUILT_PRODUCTS_DIR)/racTestTwo.app/racTestTwo";
			};
			name = Release;
		};
		484DAF841D9136D100B7903A /* Debug */ = {
			isa = XCBuildConfiguration;
			buildSettings = {
				INFOPLIST_FILE = racTestTwoUITests/Info.plist;
				LD_RUNPATH_SEARCH_PATHS = "$(inherited) @executable_path/Frameworks @loader_path/Frameworks";
				PRODUCT_BUNDLE_IDENTIFIER = com.jorgon.racTestTwoUITests;
				PRODUCT_NAME = "$(TARGET_NAME)";
				TEST_TARGET_NAME = racTestTwo;
				USES_XCTRUNNER = YES;
			};
			name = Debug;
		};
		484DAF851D9136D100B7903A /* Release */ = {
			isa = XCBuildConfiguration;
			buildSettings = {
				INFOPLIST_FILE = racTestTwoUITests/Info.plist;
				LD_RUNPATH_SEARCH_PATHS = "$(inherited) @executable_path/Frameworks @loader_path/Frameworks";
				PRODUCT_BUNDLE_IDENTIFIER = com.jorgon.racTestTwoUITests;
				PRODUCT_NAME = "$(TARGET_NAME)";
				TEST_TARGET_NAME = racTestTwo;
				USES_XCTRUNNER = YES;
			};
			name = Release;
		};
/* End XCBuildConfiguration section */

/* Begin XCConfigurationList section */
		484DAF4B1D9136D100B7903A /* Build configuration list for PBXProject "racTestTwo" */ = {
			isa = XCConfigurationList;
			buildConfigurations = (
				484DAF7B1D9136D100B7903A /* Debug */,
				484DAF7C1D9136D100B7903A /* Release */,
			);
			defaultConfigurationIsVisible = 0;
			defaultConfigurationName = Release;
		};
		484DAF7D1D9136D100B7903A /* Build configuration list for PBXNativeTarget "racTestTwo" */ = {
			isa = XCConfigurationList;
			buildConfigurations = (
				484DAF7E1D9136D100B7903A /* Debug */,
				484DAF7F1D9136D100B7903A /* Release */,
			);
			defaultConfigurationIsVisible = 0;
			defaultConfigurationName = Release;
		};
		484DAF801D9136D100B7903A /* Build configuration list for PBXNativeTarget "racTestTwoTests" */ = {
			isa = XCConfigurationList;
			buildConfigurations = (
				484DAF811D9136D100B7903A /* Debug */,
				484DAF821D9136D100B7903A /* Release */,
			);
			defaultConfigurationIsVisible = 0;
			defaultConfigurationName = Release;
		};
		484DAF831D9136D100B7903A /* Build configuration list for PBXNativeTarget "racTestTwoUITests" */ = {
			isa = XCConfigurationList;
			buildConfigurations = (
				484DAF841D9136D100B7903A /* Debug */,
				484DAF851D9136D100B7903A /* Release */,
			);
			defaultConfigurationIsVisible = 0;
			defaultConfigurationName = Release;
		};
/* End XCConfigurationList section */
	};
	rootObject = 484DAF481D9136D100B7903A /* Project object */;
}
